
Microsoft Visual Studio Solution File, Format Version 12.00
# Visual Studio Version 16
VisualStudioVersion = 16.0.29519.87
MinimumVisualStudioVersion = 10.0.40219.1
Project("{FAE04EC0-301F-11D3-BF4B-00C04F79EFBC}") = "NapiFix", "NapiFix\NapiFix.csproj", "{2AC8CFBF-AAB6-4E0E-9F1D-FBBCF5C2E549}"
EndProject
Global
	GlobalSection(SolutionConfigurationPlatforms) = preSolution
		Debug|Any CPU = Debug|Any CPU
		Release|Any CPU = Release|Any CPU
	EndGlobalSection
	GlobalSection(ProjectConfigurationPlatforms) = postSolution
		{2AC8CFBF-AAB6-4E0E-9F1D-FBBCF5C2E549}.Debug|Any CPU.ActiveCfg = Debug|Any CPU
		{2AC8CFBF-AAB6-4E0E-9F1D-FBBCF5C2E549}.Debug|Any CPU.Build.0 = Debug|Any CPU
		{2AC8CFBF-AAB6-4E0E-9F1D-FBBCF5C2E549}.Release|Any CPU.ActiveCfg = Release|Any CPU
		{2AC8CFBF-AAB6-4E0E-9F1D-FBBCF5C2E549}.Release|Any CPU.Build.0 = Release|Any CPU
	EndGlobalSection
	GlobalSection(SolutionProperties) = preSolution
		HideSolutionNode = FALSE
	EndGlobalSection
	GlobalSection(ExtensibilityGlobals) = postSolution
		SolutionGuid = {3E9064C2-167A-48B2-B0E3-EDBBE9345034}
	EndGlobalSection
EndGlobal
